
Microsoft Visual Studio Solution File, Format Version 12.00
# Visual Studio 15
VisualStudioVersion = 15.0.26430.12
MinimumVisualStudioVersion = 10.0.40219.1
Project("{FAE04EC0-301F-11D3-BF4B-00C04F79EFBC}") = "QAirMonitor.UWP", "QAirMonitor.UWP\QAirMonitor.UWP.csproj", "{206FDF12-F8F3-4C29-9DA0-0670EF34C4FB}"
EndProject
Project("{FAE04EC0-301F-11D3-BF4B-00C04F79EFBC}") = "QAirMonitor.Domain", "QAirMonitor.Domain\QAirMonitor.Domain.csproj", "{4212488E-30EF-47E1-A752-0BFA9357154E}"
EndProject
Project("{FAE04EC0-301F-11D3-BF4B-00C04F79EFBC}") = "QAirMonitor.Persist", "QAirMonitor.Persist\QAirMonitor.Persist.csproj", "{EDC6CBFE-1439-4E39-BEAA-648054EF3ABF}"
EndProject
Project("{FAE04EC0-301F-11D3-BF4B-00C04F79EFBC}") = "QAirMonitor.Abstract", "QAirMonitor.Abstract\QAirMonitor.Abstract.csproj", "{BFA6C60F-4DD1-45E6-936B-6DBE55F14CF1}"
EndProject
Project("{8BC9CEB8-8B4A-11D0-8D11-00A0C91BC942}") = "Sensors.Dht", "Sensors.Dht\Sensors.Dht.vcxproj", "{2CD70A4F-9EED-4CDA-9E07-1A2BD33B4976}"
EndProject
Project("{FAE04EC0-301F-11D3-BF4B-00C04F79EFBC}") = "QAirMonitor.Hardware.UWP", "QAirMonitor.Hardware.UWP\QAirMonitor.Hardware.UWP.csproj", "{41ADB9B4-EDB7-40F4-9CED-6FE72E595E1C}"
EndProject
Global
	GlobalSection(SolutionConfigurationPlatforms) = preSolution
		Debug|Any CPU = Debug|Any CPU
		Debug|ARM = Debug|ARM
		Debug|x64 = Debug|x64
		Debug|x86 = Debug|x86
		Release|Any CPU = Release|Any CPU
		Release|ARM = Release|ARM
		Release|x64 = Release|x64
		Release|x86 = Release|x86
	EndGlobalSection
	GlobalSection(ProjectConfigurationPlatforms) = postSolution
		{206FDF12-F8F3-4C29-9DA0-0670EF34C4FB}.Debug|Any CPU.ActiveCfg = Debug|x86
		{206FDF12-F8F3-4C29-9DA0-0670EF34C4FB}.Debug|ARM.ActiveCfg = Debug|ARM
		{206FDF12-F8F3-4C29-9DA0-0670EF34C4FB}.Debug|ARM.Build.0 = Debug|ARM
		{206FDF12-F8F3-4C29-9DA0-0670EF34C4FB}.Debug|ARM.Deploy.0 = Debug|ARM
		{206FDF12-F8F3-4C29-9DA0-0670EF34C4FB}.Debug|x64.ActiveCfg = Debug|x64
		{206FDF12-F8F3-4C29-9DA0-0670EF34C4FB}.Debug|x64.Build.0 = Debug|x64
		{206FDF12-F8F3-4C29-9DA0-0670EF34C4FB}.Debug|x64.Deploy.0 = Debug|x64
		{206FDF12-F8F3-4C29-9DA0-0670EF34C4FB}.Debug|x86.ActiveCfg = Debug|x86
		{206FDF12-F8F3-4C29-9DA0-0670EF34C4FB}.Debug|x86.Build.0 = Debug|x86
		{206FDF12-F8F3-4C29-9DA0-0670EF34C4FB}.Debug|x86.Deploy.0 = Debug|x86
		{206FDF12-F8F3-4C29-9DA0-0670EF34C4FB}.Release|Any CPU.ActiveCfg = Release|x86
		{206FDF12-F8F3-4C29-9DA0-0670EF34C4FB}.Release|ARM.ActiveCfg = Release|ARM
		{206FDF12-F8F3-4C29-9DA0-0670EF34C4FB}.Release|ARM.Build.0 = Release|ARM
		{206FDF12-F8F3-4C29-9DA0-0670EF34C4FB}.Release|ARM.Deploy.0 = Release|ARM
		{206FDF12-F8F3-4C29-9DA0-0670EF34C4FB}.Release|x64.ActiveCfg = Release|x64
		{206FDF12-F8F3-4C29-9DA0-0670EF34C4FB}.Release|x64.Build.0 = Release|x64
		{206FDF12-F8F3-4C29-9DA0-0670EF34C4FB}.Release|x64.Deploy.0 = Release|x64
		{206FDF12-F8F3-4C29-9DA0-0670EF34C4FB}.Release|x86.ActiveCfg = Release|x86
		{206FDF12-F8F3-4C29-9DA0-0670EF34C4FB}.Release|x86.Build.0 = Release|x86
		{206FDF12-F8F3-4C29-9DA0-0670EF34C4FB}.Release|x86.Deploy.0 = Release|x86
		{4212488E-30EF-47E1-A752-0BFA9357154E}.Debug|Any CPU.ActiveCfg = Debug|Any CPU
		{4212488E-30EF-47E1-A752-0BFA9357154E}.Debug|Any CPU.Build.0 = Debug|Any CPU
		{4212488E-30EF-47E1-A752-0BFA9357154E}.Debug|ARM.ActiveCfg = Debug|Any CPU
		{4212488E-30EF-47E1-A752-0BFA9357154E}.Debug|ARM.Build.0 = Debug|Any CPU
		{4212488E-30EF-47E1-A752-0BFA9357154E}.Debug|x64.ActiveCfg = Debug|Any CPU
		{4212488E-30EF-47E1-A752-0BFA9357154E}.Debug|x64.Build.0 = Debug|Any CPU
		{4212488E-30EF-47E1-A752-0BFA9357154E}.Debug|x86.ActiveCfg = Debug|Any CPU
		{4212488E-30EF-47E1-A752-0BFA9357154E}.Debug|x86.Build.0 = Debug|Any CPU
		{4212488E-30EF-47E1-A752-0BFA9357154E}.Release|Any CPU.ActiveCfg = Release|Any CPU
		{4212488E-30EF-47E1-A752-0BFA9357154E}.Release|Any CPU.Build.0 = Release|Any CPU
		{4212488E-30EF-47E1-A752-0BFA9357154E}.Release|ARM.ActiveCfg = Release|Any CPU
		{4212488E-30EF-47E1-A752-0BFA9357154E}.Release|ARM.Build.0 = Release|Any CPU
		{4212488E-30EF-47E1-A752-0BFA9357154E}.Release|x64.ActiveCfg = Release|Any CPU
		{4212488E-30EF-47E1-A752-0BFA9357154E}.Release|x64.Build.0 = Release|Any CPU
		{4212488E-30EF-47E1-A752-0BFA9357154E}.Release|x86.ActiveCfg = Release|Any CPU
		{4212488E-30EF-47E1-A752-0BFA9357154E}.Release|x86.Build.0 = Release|Any CPU
		{EDC6CBFE-1439-4E39-BEAA-648054EF3ABF}.Debug|Any CPU.ActiveCfg = Debug|Any CPU
		{EDC6CBFE-1439-4E39-BEAA-648054EF3ABF}.Debug|Any CPU.Build.0 = Debug|Any CPU
		{EDC6CBFE-1439-4E39-BEAA-648054EF3ABF}.Debug|ARM.ActiveCfg = Debug|Any CPU
		{EDC6CBFE-1439-4E39-BEAA-648054EF3ABF}.Debug|ARM.Build.0 = Debug|Any CPU
		{EDC6CBFE-1439-4E39-BEAA-648054EF3ABF}.Debug|x64.ActiveCfg = Debug|Any CPU
		{EDC6CBFE-1439-4E39-BEAA-648054EF3ABF}.Debug|x64.Build.0 = Debug|Any CPU
		{EDC6CBFE-1439-4E39-BEAA-648054EF3ABF}.Debug|x86.ActiveCfg = Debug|Any CPU
		{EDC6CBFE-1439-4E39-BEAA-648054EF3ABF}.Debug|x86.Build.0 = Debug|Any CPU
		{EDC6CBFE-1439-4E39-BEAA-648054EF3ABF}.Release|Any CPU.ActiveCfg = Release|Any CPU
		{EDC6CBFE-1439-4E39-BEAA-648054EF3ABF}.Release|Any CPU.Build.0 = Release|Any CPU
		{EDC6CBFE-1439-4E39-BEAA-648054EF3ABF}.Release|ARM.ActiveCfg = Release|Any CPU
		{EDC6CBFE-1439-4E39-BEAA-648054EF3ABF}.Release|ARM.Build.0 = Release|Any CPU
		{EDC6CBFE-1439-4E39-BEAA-648054EF3ABF}.Release|x64.ActiveCfg = Release|Any CPU
		{EDC6CBFE-1439-4E39-BEAA-648054EF3ABF}.Release|x64.Build.0 = Release|Any CPU
		{EDC6CBFE-1439-4E39-BEAA-648054EF3ABF}.Release|x86.ActiveCfg = Release|Any CPU
		{EDC6CBFE-1439-4E39-BEAA-648054EF3ABF}.Release|x86.Build.0 = Release|Any CPU
		{BFA6C60F-4DD1-45E6-936B-6DBE55F14CF1}.Debug|Any CPU.ActiveCfg = Debug|Any CPU
		{BFA6C60F-4DD1-45E6-936B-6DBE55F14CF1}.Debug|Any CPU.Build.0 = Debug|Any CPU
		{BFA6C60F-4DD1-45E6-936B-6DBE55F14CF1}.Debug|ARM.ActiveCfg = Debug|Any CPU
		{BFA6C60F-4DD1-45E6-936B-6DBE55F14CF1}.Debug|ARM.Build.0 = Debug|Any CPU
		{BFA6C60F-4DD1-45E6-936B-6DBE55F14CF1}.Debug|x64.ActiveCfg = Debug|Any CPU
		{BFA6C60F-4DD1-45E6-936B-6DBE55F14CF1}.Debug|x64.Build.0 = Debug|Any CPU
		{BFA6C60F-4DD1-45E6-936B-6DBE55F14CF1}.Debug|x86.ActiveCfg = Debug|Any CPU
		{BFA6C60F-4DD1-45E6-936B-6DBE55F14CF1}.Debug|x86.Build.0 = Debug|Any CPU
		{BFA6C60F-4DD1-45E6-936B-6DBE55F14CF1}.Release|Any CPU.ActiveCfg = Release|Any CPU
		{BFA6C60F-4DD1-45E6-936B-6DBE55F14CF1}.Release|Any CPU.Build.0 = Release|Any CPU
		{BFA6C60F-4DD1-45E6-936B-6DBE55F14CF1}.Release|ARM.ActiveCfg = Release|Any CPU
		{BFA6C60F-4DD1-45E6-936B-6DBE55F14CF1}.Release|ARM.Build.0 = Release|Any CPU
		{BFA6C60F-4DD1-45E6-936B-6DBE55F14CF1}.Release|x64.ActiveCfg = Release|Any CPU
		{BFA6C60F-4DD1-45E6-936B-6DBE55F14CF1}.Release|x64.Build.0 = Release|Any CPU
		{BFA6C60F-4DD1-45E6-936B-6DBE55F14CF1}.Release|x86.ActiveCfg = Release|Any CPU
		{BFA6C60F-4DD1-45E6-936B-6DBE55F14CF1}.Release|x86.Build.0 = Release|Any CPU
		{2CD70A4F-9EED-4CDA-9E07-1A2BD33B4976}.Debug|Any CPU.ActiveCfg = Debug|Win32
		{2CD70A4F-9EED-4CDA-9E07-1A2BD33B4976}.Debug|ARM.ActiveCfg = Debug|ARM
		{2CD70A4F-9EED-4CDA-9E07-1A2BD33B4976}.Debug|ARM.Build.0 = Debug|ARM
		{2CD70A4F-9EED-4CDA-9E07-1A2BD33B4976}.Debug|x64.ActiveCfg = Debug|x64
		{2CD70A4F-9EED-4CDA-9E07-1A2BD33B4976}.Debug|x64.Build.0 = Debug|x64
		{2CD70A4F-9EED-4CDA-9E07-1A2BD33B4976}.Debug|x86.ActiveCfg = Debug|Win32
		{2CD70A4F-9EED-4CDA-9E07-1A2BD33B4976}.Debug|x86.Build.0 = Debug|Win32
		{2CD70A4F-9EED-4CDA-9E07-1A2BD33B4976}.Release|Any CPU.ActiveCfg = Release|Win32
		{2CD70A4F-9EED-4CDA-9E07-1A2BD33B4976}.Release|ARM.ActiveCfg = Release|ARM
		{2CD70A4F-9EED-4CDA-9E07-1A2BD33B4976}.Release|ARM.Build.0 = Release|ARM
		{2CD70A4F-9EED-4CDA-9E07-1A2BD33B4976}.Release|x64.ActiveCfg = Release|x64
		{2CD70A4F-9EED-4CDA-9E07-1A2BD33B4976}.Release|x64.Build.0 = Release|x64
		{2CD70A4F-9EED-4CDA-9E07-1A2BD33B4976}.Release|x86.ActiveCfg = Release|Win32
		{2CD70A4F-9EED-4CDA-9E07-1A2BD33B4976}.Release|x86.Build.0 = Release|Win32
		{41ADB9B4-EDB7-40F4-9CED-6FE72E595E1C}.Debug|Any CPU.ActiveCfg = Debug|Any CPU
		{41ADB9B4-EDB7-40F4-9CED-6FE72E595E1C}.Debug|Any CPU.Build.0 = Debug|Any CPU
		{41ADB9B4-EDB7-40F4-9CED-6FE72E595E1C}.Debug|ARM.ActiveCfg = Debug|ARM
		{41ADB9B4-EDB7-40F4-9CED-6FE72E595E1C}.Debug|ARM.Build.0 = Debug|ARM
		{41ADB9B4-EDB7-40F4-9CED-6FE72E595E1C}.Debug|x64.ActiveCfg = Debug|x64
		{41ADB9B4-EDB7-40F4-9CED-6FE72E595E1C}.Debug|x64.Build.0 = Debug|x64
		{41ADB9B4-EDB7-40F4-9CED-6FE72E595E1C}.Debug|x86.ActiveCfg = Debug|x86
		{41ADB9B4-EDB7-40F4-9CED-6FE72E595E1C}.Debug|x86.Build.0 = Debug|x86
		{41ADB9B4-EDB7-40F4-9CED-6FE72E595E1C}.Release|Any CPU.ActiveCfg = Release|Any CPU
		{41ADB9B4-EDB7-40F4-9CED-6FE72E595E1C}.Release|Any CPU.Build.0 = Release|Any CPU
		{41ADB9B4-EDB7-40F4-9CED-6FE72E595E1C}.Release|ARM.ActiveCfg = Release|ARM
		{41ADB9B4-EDB7-40F4-9CED-6FE72E595E1C}.Release|ARM.Build.0 = Release|ARM
		{41ADB9B4-EDB7-40F4-9CED-6FE72E595E1C}.Release|x64.ActiveCfg = Release|x64
		{41ADB9B4-EDB7-40F4-9CED-6FE72E595E1C}.Release|x64.Build.0 = Release|x64
		{41ADB9B4-EDB7-40F4-9CED-6FE72E595E1C}.Release|x86.ActiveCfg = Release|x86
		{41ADB9B4-EDB7-40F4-9CED-6FE72E595E1C}.Release|x86.Build.0 = Release|x86
	EndGlobalSection
	GlobalSection(SolutionProperties) = preSolution
		HideSolutionNode = FALSE
	EndGlobalSection
EndGlobal
